PODS:
  - Alamofire (5.1.0)
  - Shakuro.CommonTypes (1.1.4)
  - Shakuro.HTTPClient (1.1.2):
    - Alamofire (= 5.1.0)
    - Shakuro.CommonTypes (= 1.1.4)
  - SwiftLint (0.43.1)

DEPENDENCIES:
  - Shakuro.CommonTypes (= 1.1.4)
  - Shakuro.HTTPClient
  - SwiftLint (= 0.43.1)

SPEC REPOS:
  https://github.com/CocoaPods/Specs.git:
    - Alamofire
    - Shakuro.CommonTypes
    - Shakuro.HTTPClient
    - SwiftLint

SPEC CHECKSUMS:
  Alamofire: 9d5c5f602928e512395b30950c5984eca840093c
  Shakuro.CommonTypes: a3c3d432a2fc19e3e7971dad13aa9066d7ce5771
  Shakuro.HTTPClient: 8012df6fabc45d36c5b2e172c17d1b94af45c0ce
  SwiftLint: 99f82d07b837b942dd563c668de129a03fc3fb52

PODFILE CHECKSUM: 56d2cdce3dcc7821a3ad26751984caded8486294

COCOAPODS: 1.15.2
