PODS:
  - Alamofire (5.1.0)
  - Shakuro.CommonTypes (1.1.0)
  - Shakuro.HTTPClient (1.1.0):
    - Alamofire (= 5.1.0)
    - Shakuro.CommonTypes (= 1.1.0)
  - SwiftLint (0.43.1)

DEPENDENCIES:
  - Shakuro.CommonTypes (= 1.1.0)
  - Shakuro.HTTPClient
  - SwiftLint (= 0.43.1)

SPEC REPOS:
  https://github.com/CocoaPods/Specs.git:
    - Alamofire
    - Shakuro.CommonTypes
    - Shakuro.HTTPClient
    - SwiftLint

SPEC CHECKSUMS:
  Alamofire: 9d5c5f602928e512395b30950c5984eca840093c
  Shakuro.CommonTypes: ce6dc9fe3a068a5e663a554d433703e6f4ea6a9f
  Shakuro.HTTPClient: 9c4a7bab23307d252403ab4c332e1a7fac13d5cf
  SwiftLint: 99f82d07b837b942dd563c668de129a03fc3fb52

PODFILE CHECKSUM: 8b00b1d7dca6836285baa34d5146967c4f00f923

COCOAPODS: 1.11.3
