// !$*UTF8*$!
{
	archiveVersion = 1;
	classes = {
	};
	objectVersion = 51;
	objects = {

/* Begin PBXBuildFile section */
		5558B9B123E2AF4C00DDA0B7 /* AppDelegate.swift in Sources */ = {isa = PBXBuildFile; fileRef = 5558B9B023E2AF4C00DDA0B7 /* AppDelegate.swift */; };
		5558B9B823E2AF4C00DDA0B7 /* Main.storyboard in Resources */ = {isa = PBXBuildFile; fileRef = 5558B9B623E2AF4C00DDA0B7 /* Main.storyboard */; };
		5558B9BA23E2AF5000DDA0B7 /* Assets.xcassets in Resources */ = {isa = PBXBuildFile; fileRef = 5558B9B923E2AF5000DDA0B7 /* Assets.xcassets */; };
		5558B9BD23E2AF5000DDA0B7 /* LaunchScreen.storyboard in Resources */ = {isa = PBXBuildFile; fileRef = 5558B9BB23E2AF5000DDA0B7 /* LaunchScreen.storyboard */; };
		5558B9C523E2B09500DDA0B7 /* ExampleTaskManager.swift in Sources */ = {isa = PBXBuildFile; fileRef = 5558B9C423E2B09500DDA0B7 /* ExampleTaskManager.swift */; };
		55836F39261459B100556739 /* .swiftlint.yml in Resources */ = {isa = PBXBuildFile; fileRef = 55836F38261459B000556739 /* .swiftlint.yml */; };
		A5FFD85226142DC700ABDE31 /* ExampleOperationOptions.swift in Sources */ = {isa = PBXBuildFile; fileRef = A5FFD85126142DC700ABDE31 /* ExampleOperationOptions.swift */; };
		A5FFD85526142F0100ABDE31 /* ExampleTaskManager+Public.swift in Sources */ = {isa = PBXBuildFile; fileRef = A5FFD85426142F0100ABDE31 /* ExampleTaskManager+Public.swift */; };
		A5FFD85826142F8F00ABDE31 /* FirstOperation.swift in Sources */ = {isa = PBXBuildFile; fileRef = A5FFD85726142F8F00ABDE31 /* FirstOperation.swift */; };
		A5FFD85B2614307800ABDE31 /* UniqueOperation.swift in Sources */ = {isa = PBXBuildFile; fileRef = A5FFD85A2614307800ABDE31 /* UniqueOperation.swift */; };
		A5FFD85E261430AD00ABDE31 /* LowPriorityOperation.swift in Sources */ = {isa = PBXBuildFile; fileRef = A5FFD85D261430AD00ABDE31 /* LowPriorityOperation.swift */; };
		A5FFD861261430D100ABDE31 /* HighPriorityOperation.swift in Sources */ = {isa = PBXBuildFile; fileRef = A5FFD860261430D100ABDE31 /* HighPriorityOperation.swift */; };
		A5FFD864261430F500ABDE31 /* AlwaysFailInTheEndOperation.swift in Sources */ = {isa = PBXBuildFile; fileRef = A5FFD863261430F500ABDE31 /* AlwaysFailInTheEndOperation.swift */; };
		A5FFD8672614314300ABDE31 /* DependsOnAlwaysFailOperation.swift in Sources */ = {isa = PBXBuildFile; fileRef = A5FFD8662614314300ABDE31 /* DependsOnAlwaysFailOperation.swift */; };
		A5FFD86C2614320800ABDE31 /* GetStringsFromRandomOrgOperationOptions.swift in Sources */ = {isa = PBXBuildFile; fileRef = A5FFD86B2614320800ABDE31 /* GetStringsFromRandomOrgOperationOptions.swift */; };
		A5FFD870261432B100ABDE31 /* GetStringsFromRandomOrgOperation.swift in Sources */ = {isa = PBXBuildFile; fileRef = A5FFD86F261432B100ABDE31 /* GetStringsFromRandomOrgOperation.swift */; };
		A5FFD8732614335000ABDE31 /* ExampleTaskManagerViewController.swift in Sources */ = {isa = PBXBuildFile; fileRef = A5FFD8722614335000ABDE31 /* ExampleTaskManagerViewController.swift */; };
		A5FFD87C261436F300ABDE31 /* RandomOrgAPIEndpoint.swift in Sources */ = {isa = PBXBuildFile; fileRef = A5FFD87B261436F300ABDE31 /* RandomOrgAPIEndpoint.swift */; };
		A5FFD8802614372800ABDE31 /* StringsParser.swift in Sources */ = {isa = PBXBuildFile; fileRef = A5FFD87F2614372800ABDE31 /* StringsParser.swift */; };
		B5253C3DBA3350C1935E7F77 /* Pods_TaskManagerExample.framework in Frameworks */ = {isa = PBXBuildFile; fileRef = D10F35734B8DF214371029BF /* Pods_TaskManagerExample.framework */; };
/* End PBXBuildFile section */

/* Begin PBXFileReference section */
		352F793A11AC9E4A0DA13F0C /* Pods-TaskManagerExample.debug.xcconfig */ = {isa = PBXFileReference; includeInIndex = 1; lastKnownFileType = text.xcconfig; name = "Pods-TaskManagerExample.debug.xcconfig"; path = "Target Support Files/Pods-TaskManagerExample/Pods-TaskManagerExample.debug.xcconfig"; sourceTree = "<group>"; };
		5558B9AD23E2AF4C00DDA0B7 /* TaskManagerExample.app */ = {isa = PBXFileReference; explicitFileType = wrapper.application; includeInIndex = 0; path = TaskManagerExample.app; sourceTree = BUILT_PRODUCTS_DIR; };
		5558B9B023E2AF4C00DDA0B7 /* AppDelegate.swift */ = {isa = PBXFileReference; lastKnownFileType = sourcecode.swift; path = AppDelegate.swift; sourceTree = "<group>"; };
		5558B9B723E2AF4C00DDA0B7 /* Base */ = {isa = PBXFileReference; lastKnownFileType = file.storyboard; name = Base; path = Base.lproj/Main.storyboard; sourceTree = "<group>"; };
		5558B9B923E2AF5000DDA0B7 /* Assets.xcassets */ = {isa = PBXFileReference; lastKnownFileType = folder.assetcatalog; path = Assets.xcassets; sourceTree = "<group>"; };
		5558B9BC23E2AF5000DDA0B7 /* Base */ = {isa = PBXFileReference; lastKnownFileType = file.storyboard; name = Base; path = Base.lproj/LaunchScreen.storyboard; sourceTree = "<group>"; };
		5558B9BE23E2AF5000DDA0B7 /* Info.plist */ = {isa = PBXFileReference; lastKnownFileType = text.plist.xml; path = Info.plist; sourceTree = "<group>"; };
		5558B9C423E2B09500DDA0B7 /* ExampleTaskManager.swift */ = {isa = PBXFileReference; fileEncoding = 4; lastKnownFileType = sourcecode.swift; path = ExampleTaskManager.swift; sourceTree = "<group>"; };
		55836F38261459B000556739 /* .swiftlint.yml */ = {isa = PBXFileReference; fileEncoding = 4; lastKnownFileType = text.yaml; name = .swiftlint.yml; path = ../../../.swiftlint.yml; sourceTree = "<group>"; };
		A5FFD85126142DC700ABDE31 /* ExampleOperationOptions.swift */ = {isa = PBXFileReference; lastKnownFileType = sourcecode.swift; path = ExampleOperationOptions.swift; sourceTree = "<group>"; };
		A5FFD85426142F0100ABDE31 /* ExampleTaskManager+Public.swift */ = {isa = PBXFileReference; lastKnownFileType = sourcecode.swift; path = "ExampleTaskManager+Public.swift"; sourceTree = "<group>"; };
		A5FFD85726142F8F00ABDE31 /* FirstOperation.swift */ = {isa = PBXFileReference; lastKnownFileType = sourcecode.swift; path = FirstOperation.swift; sourceTree = "<group>"; };
		A5FFD85A2614307800ABDE31 /* UniqueOperation.swift */ = {isa = PBXFileReference; lastKnownFileType = sourcecode.swift; path = UniqueOperation.swift; sourceTree = "<group>"; };
		A5FFD85D261430AD00ABDE31 /* LowPriorityOperation.swift */ = {isa = PBXFileReference; lastKnownFileType = sourcecode.swift; path = LowPriorityOperation.swift; sourceTree = "<group>"; };
		A5FFD860261430D100ABDE31 /* HighPriorityOperation.swift */ = {isa = PBXFileReference; lastKnownFileType = sourcecode.swift; path = HighPriorityOperation.swift; sourceTree = "<group>"; };
		A5FFD863261430F500ABDE31 /* AlwaysFailInTheEndOperation.swift */ = {isa = PBXFileReference; lastKnownFileType = sourcecode.swift; path = AlwaysFailInTheEndOperation.swift; sourceTree = "<group>"; };
		A5FFD8662614314300ABDE31 /* DependsOnAlwaysFailOperation.swift */ = {isa = PBXFileReference; lastKnownFileType = sourcecode.swift; path = DependsOnAlwaysFailOperation.swift; sourceTree = "<group>"; };
		A5FFD86B2614320800ABDE31 /* GetStringsFromRandomOrgOperationOptions.swift */ = {isa = PBXFileReference; lastKnownFileType = sourcecode.swift; path = GetStringsFromRandomOrgOperationOptions.swift; sourceTree = "<group>"; };
		A5FFD86F261432B100ABDE31 /* GetStringsFromRandomOrgOperation.swift */ = {isa = PBXFileReference; lastKnownFileType = sourcecode.swift; path = GetStringsFromRandomOrgOperation.swift; sourceTree = "<group>"; };
		A5FFD8722614335000ABDE31 /* ExampleTaskManagerViewController.swift */ = {isa = PBXFileReference; lastKnownFileType = sourcecode.swift; path = ExampleTaskManagerViewController.swift; sourceTree = "<group>"; };
		A5FFD87B261436F300ABDE31 /* RandomOrgAPIEndpoint.swift */ = {isa = PBXFileReference; lastKnownFileType = sourcecode.swift; path = RandomOrgAPIEndpoint.swift; sourceTree = "<group>"; };
		A5FFD87F2614372800ABDE31 /* StringsParser.swift */ = {isa = PBXFileReference; lastKnownFileType = sourcecode.swift; path = StringsParser.swift; sourceTree = "<group>"; };
		D10F35734B8DF214371029BF /* Pods_TaskManagerExample.framework */ = {isa = PBXFileReference; explicitFileType = wrapper.framework; includeInIndex = 0; path = Pods_TaskManagerExample.framework; sourceTree = BUILT_PRODUCTS_DIR; };
		FB29DFEFC137FC06ECFB52CB /* Pods-TaskManagerExample.release.xcconfig */ = {isa = PBXFileReference; includeInIndex = 1; lastKnownFileType = text.xcconfig; name = "Pods-TaskManagerExample.release.xcconfig"; path = "Target Support Files/Pods-TaskManagerExample/Pods-TaskManagerExample.release.xcconfig"; sourceTree = "<group>"; };
/* End PBXFileReference section */

/* Begin PBXFrameworksBuildPhase section */
		5558B9AA23E2AF4C00DDA0B7 /* Frameworks */ = {
			isa = PBXFrameworksBuildPhase;
			buildActionMask = 2147483647;
			files = (
				B5253C3DBA3350C1935E7F77 /* Pods_TaskManagerExample.framework in Frameworks */,
			);
			runOnlyForDeploymentPostprocessing = 0;
		};
/* End PBXFrameworksBuildPhase section */

/* Begin PBXGroup section */
		447600ECA8DA6A95576F4DAB /* Frameworks */ = {
			isa = PBXGroup;
			children = (
				D10F35734B8DF214371029BF /* Pods_TaskManagerExample.framework */,
			);
			name = Frameworks;
			sourceTree = "<group>";
		};
		5558B9A423E2AF4C00DDA0B7 = {
			isa = PBXGroup;
			children = (
				5558B9AF23E2AF4C00DDA0B7 /* TaskManagerExample */,
				5558B9AE23E2AF4C00DDA0B7 /* Products */,
				CBE9ACE807F8F19E5A398848 /* Pods */,
				447600ECA8DA6A95576F4DAB /* Frameworks */,
			);
			sourceTree = "<group>";
		};
		5558B9AE23E2AF4C00DDA0B7 /* Products */ = {
			isa = PBXGroup;
			children = (
				5558B9AD23E2AF4C00DDA0B7 /* TaskManagerExample.app */,
			);
			name = Products;
			sourceTree = "<group>";
		};
		5558B9AF23E2AF4C00DDA0B7 /* TaskManagerExample */ = {
			isa = PBXGroup;
			children = (
				A5FFD875261434AB00ABDE31 /* UI */,
				A5FFD869261431B300ABDE31 /* TaskManager */,
				A5FFD87A261436CC00ABDE31 /* Networking */,
				A5FFD876261434D100ABDE31 /* Resources */,
				5558B9B023E2AF4C00DDA0B7 /* AppDelegate.swift */,
			);
			path = TaskManagerExample;
			sourceTree = "<group>";
		};
		A5FFD869261431B300ABDE31 /* TaskManager */ = {
			isa = PBXGroup;
			children = (
				A5FFD86A261431D800ABDE31 /* Operations */,
				5558B9C423E2B09500DDA0B7 /* ExampleTaskManager.swift */,
				A5FFD85426142F0100ABDE31 /* ExampleTaskManager+Public.swift */,
			);
			path = TaskManager;
			sourceTree = "<group>";
		};
		A5FFD86A261431D800ABDE31 /* Operations */ = {
			isa = PBXGroup;
			children = (
				A5FFD85126142DC700ABDE31 /* ExampleOperationOptions.swift */,
				A5FFD85726142F8F00ABDE31 /* FirstOperation.swift */,
				A5FFD85A2614307800ABDE31 /* UniqueOperation.swift */,
				A5FFD85D261430AD00ABDE31 /* LowPriorityOperation.swift */,
				A5FFD860261430D100ABDE31 /* HighPriorityOperation.swift */,
				A5FFD863261430F500ABDE31 /* AlwaysFailInTheEndOperation.swift */,
				A5FFD8662614314300ABDE31 /* DependsOnAlwaysFailOperation.swift */,
				A5FFD86B2614320800ABDE31 /* GetStringsFromRandomOrgOperationOptions.swift */,
				A5FFD86F261432B100ABDE31 /* GetStringsFromRandomOrgOperation.swift */,
			);
			path = Operations;
			sourceTree = "<group>";
		};
		A5FFD875261434AB00ABDE31 /* UI */ = {
			isa = PBXGroup;
			children = (
				A5FFD8722614335000ABDE31 /* ExampleTaskManagerViewController.swift */,
			);
			path = UI;
			sourceTree = "<group>";
		};
		A5FFD876261434D100ABDE31 /* Resources */ = {
			isa = PBXGroup;
			children = (
				5558B9B923E2AF5000DDA0B7 /* Assets.xcassets */,
				5558B9BE23E2AF5000DDA0B7 /* Info.plist */,
				55836F38261459B000556739 /* .swiftlint.yml */,
				5558B9BB23E2AF5000DDA0B7 /* LaunchScreen.storyboard */,
				5558B9B623E2AF4C00DDA0B7 /* Main.storyboard */,
			);
			path = Resources;
			sourceTree = "<group>";
		};
		A5FFD87A261436CC00ABDE31 /* Networking */ = {
			isa = PBXGroup;
			children = (
				A5FFD87B261436F300ABDE31 /* RandomOrgAPIEndpoint.swift */,
				A5FFD87F2614372800ABDE31 /* StringsParser.swift */,
			);
			path = Networking;
			sourceTree = "<group>";
		};
		CBE9ACE807F8F19E5A398848 /* Pods */ = {
			isa = PBXGroup;
			children = (
				352F793A11AC9E4A0DA13F0C /* Pods-TaskManagerExample.debug.xcconfig */,
				FB29DFEFC137FC06ECFB52CB /* Pods-TaskManagerExample.release.xcconfig */,
			);
			path = Pods;
			sourceTree = "<group>";
		};
/* End PBXGroup section */

/* Begin PBXNativeTarget section */
		5558B9AC23E2AF4C00DDA0B7 /* TaskManagerExample */ = {
			isa = PBXNativeTarget;
			buildConfigurationList = 5558B9C123E2AF5000DDA0B7 /* Build configuration list for PBXNativeTarget "TaskManagerExample" */;
			buildPhases = (
				66164E9853CF549B9B5E8F3B /* [CP] Check Pods Manifest.lock */,
				5558B9A923E2AF4C00DDA0B7 /* Sources */,
				5558B9AA23E2AF4C00DDA0B7 /* Frameworks */,
				5558B9AB23E2AF4C00DDA0B7 /* Resources */,
				6F6F30579C9164A677815AE3 /* [CP] Embed Pods Frameworks */,
			);
			buildRules = (
			);
			dependencies = (
			);
			name = TaskManagerExample;
			productName = TaskManagerExample;
			productReference = 5558B9AD23E2AF4C00DDA0B7 /* TaskManagerExample.app */;
			productType = "com.apple.product-type.application";
		};
/* End PBXNativeTarget section */

/* Begin PBXProject section */
		5558B9A523E2AF4C00DDA0B7 /* Project object */ = {
			isa = PBXProject;
			attributes = {
				LastSwiftUpdateCheck = 1130;
				LastUpgradeCheck = 1130;
				ORGANIZATIONNAME = Shakuro;
				TargetAttributes = {
					5558B9AC23E2AF4C00DDA0B7 = {
						CreatedOnToolsVersion = 11.3.1;
					};
				};
			};
			buildConfigurationList = 5558B9A823E2AF4C00DDA0B7 /* Build configuration list for PBXProject "TaskManagerExample" */;
			compatibilityVersion = "Xcode 9.3";
			developmentRegion = en;
			hasScannedForEncodings = 0;
			knownRegions = (
				en,
				Base,
			);
			mainGroup = 5558B9A423E2AF4C00DDA0B7;
			productRefGroup = 5558B9AE23E2AF4C00DDA0B7 /* Products */;
			projectDirPath = "";
			projectRoot = "";
			targets = (
				5558B9AC23E2AF4C00DDA0B7 /* TaskManagerExample */,
			);
		};
/* End PBXProject section */

/* Begin PBXResourcesBuildPhase section */
		5558B9AB23E2AF4C00DDA0B7 /* Resources */ = {
			isa = PBXResourcesBuildPhase;
			buildActionMask = 2147483647;
			files = (
				55836F39261459B100556739 /* .swiftlint.yml in Resources */,
				5558B9BD23E2AF5000DDA0B7 /* LaunchScreen.storyboard in Resources */,
				5558B9BA23E2AF5000DDA0B7 /* Assets.xcassets in Resources */,
				5558B9B823E2AF4C00DDA0B7 /* Main.storyboard in Resources */,
			);
			runOnlyForDeploymentPostprocessing = 0;
		};
/* End PBXResourcesBuildPhase section */

/* Begin PBXShellScriptBuildPhase section */
		66164E9853CF549B9B5E8F3B /* [CP] Check Pods Manifest.lock */ = {
			isa = PBXShellScriptBuildPhase;
			buildActionMask = 2147483647;
			files = (
			);
			inputFileListPaths = (
			);
			inputPaths = (
				"${PODS_PODFILE_DIR_PATH}/Podfile.lock",
				"${PODS_ROOT}/Manifest.lock",
			);
			name = "[CP] Check Pods Manifest.lock";
			outputFileListPaths = (
			);
			outputPaths = (
				"$(DERIVED_FILE_DIR)/Pods-TaskManagerExample-checkManifestLockResult.txt",
			);
			runOnlyForDeploymentPostprocessing = 0;
			shellPath = /bin/sh;
			shellScript = "diff \"${PODS_PODFILE_DIR_PATH}/Podfile.lock\" \"${PODS_ROOT}/Manifest.lock\" > /dev/null\nif [ $? != 0 ] ; then\n    # print error to STDERR\n    echo \"error: The sandbox is not in sync with the Podfile.lock. Run 'pod install' or update your CocoaPods installation.\" >&2\n    exit 1\nfi\n# This output is used by Xcode 'outputs' to avoid re-running this script phase.\necho \"SUCCESS\" > \"${SCRIPT_OUTPUT_FILE_0}\"\n";
			showEnvVarsInLog = 0;
		};
		6F6F30579C9164A677815AE3 /* [CP] Embed Pods Frameworks */ = {
			isa = PBXShellScriptBuildPhase;
			buildActionMask = 2147483647;
			files = (
			);
			inputFileListPaths = (
				"${PODS_ROOT}/Target Support Files/Pods-TaskManagerExample/Pods-TaskManagerExample-frameworks-${CONFIGURATION}-input-files.xcfilelist",
			);
			name = "[CP] Embed Pods Frameworks";
			outputFileListPaths = (
				"${PODS_ROOT}/Target Support Files/Pods-TaskManagerExample/Pods-TaskManagerExample-frameworks-${CONFIGURATION}-output-files.xcfilelist",
			);
			runOnlyForDeploymentPostprocessing = 0;
			shellPath = /bin/sh;
			shellScript = "\"${PODS_ROOT}/Target Support Files/Pods-TaskManagerExample/Pods-TaskManagerExample-frameworks.sh\"\n";
			showEnvVarsInLog = 0;
		};
/* End PBXShellScriptBuildPhase section */

/* Begin PBXSourcesBuildPhase section */
		5558B9A923E2AF4C00DDA0B7 /* Sources */ = {
			isa = PBXSourcesBuildPhase;
			buildActionMask = 2147483647;
			files = (
				A5FFD85B2614307800ABDE31 /* UniqueOperation.swift in Sources */,
				A5FFD8802614372800ABDE31 /* StringsParser.swift in Sources */,
				A5FFD85826142F8F00ABDE31 /* FirstOperation.swift in Sources */,
				A5FFD85526142F0100ABDE31 /* ExampleTaskManager+Public.swift in Sources */,
				A5FFD8672614314300ABDE31 /* DependsOnAlwaysFailOperation.swift in Sources */,
				A5FFD861261430D100ABDE31 /* HighPriorityOperation.swift in Sources */,
				A5FFD8732614335000ABDE31 /* ExampleTaskManagerViewController.swift in Sources */,
				5558B9B123E2AF4C00DDA0B7 /* AppDelegate.swift in Sources */,
				5558B9C523E2B09500DDA0B7 /* ExampleTaskManager.swift in Sources */,
				A5FFD870261432B100ABDE31 /* GetStringsFromRandomOrgOperation.swift in Sources */,
				A5FFD87C261436F300ABDE31 /* RandomOrgAPIEndpoint.swift in Sources */,
				A5FFD85226142DC700ABDE31 /* ExampleOperationOptions.swift in Sources */,
				A5FFD86C2614320800ABDE31 /* GetStringsFromRandomOrgOperationOptions.swift in Sources */,
				A5FFD864261430F500ABDE31 /* AlwaysFailInTheEndOperation.swift in Sources */,
				A5FFD85E261430AD00ABDE31 /* LowPriorityOperation.swift in Sources */,
			);
			runOnlyForDeploymentPostprocessing = 0;
		};
/* End PBXSourcesBuildPhase section */

/* Begin PBXVariantGroup section */
		5558B9B623E2AF4C00DDA0B7 /* Main.storyboard */ = {
			isa = PBXVariantGroup;
			children = (
				5558B9B723E2AF4C00DDA0B7 /* Base */,
			);
			name = Main.storyboard;
			sourceTree = "<group>";
		};
		5558B9BB23E2AF5000DDA0B7 /* LaunchScreen.storyboard */ = {
			isa = PBXVariantGroup;
			children = (
				5558B9BC23E2AF5000DDA0B7 /* Base */,
			);
			name = LaunchScreen.storyboard;
			sourceTree = "<group>";
		};
/* End PBXVariantGroup section */

/* Begin XCBuildConfiguration section */
		5558B9BF23E2AF5000DDA0B7 /* Debug */ = {
			isa = XCBuildConfiguration;
			buildSettings = {
				ALWAYS_SEARCH_USER_PATHS = NO;
				CLANG_ANALYZER_NONNULL = YES;
				CLANG_ANALYZER_NUMBER_OBJECT_CONVERSION = YES_AGGRESSIVE;
				CLANG_CXX_LANGUAGE_STANDARD = "gnu++14";
				CLANG_CXX_LIBRARY = "libc++";
				CLANG_ENABLE_MODULES = YES;
				CLANG_ENABLE_OBJC_ARC = YES;
				CLANG_ENABLE_OBJC_WEAK = YES;
				CLANG_WARN_BLOCK_CAPTURE_AUTORELEASING = YES;
				CLANG_WARN_BOOL_CONVERSION = YES;
				CLANG_WARN_COMMA = YES;
				CLANG_WARN_CONSTANT_CONVERSION = YES;
				CLANG_WARN_DEPRECATED_OBJC_IMPLEMENTATIONS = YES;
				CLANG_WARN_DIRECT_OBJC_ISA_USAGE = YES_ERROR;
				CLANG_WARN_DOCUMENTATION_COMMENTS = YES;
				CLANG_WARN_EMPTY_BODY = YES;
				CLANG_WARN_ENUM_CONVERSION = YES;
				CLANG_WARN_INFINITE_RECURSION = YES;
				CLANG_WARN_INT_CONVERSION = YES;
				CLANG_WARN_NON_LITERAL_NULL_CONVERSION = YES;
				CLANG_WARN_OBJC_IMPLICIT_RETAIN_SELF = YES;
				CLANG_WARN_OBJC_LITERAL_CONVERSION = YES;
				CLANG_WARN_OBJC_ROOT_CLASS = YES_ERROR;
				CLANG_WARN_RANGE_LOOP_ANALYSIS = YES;
				CLANG_WARN_STRICT_PROTOTYPES = YES;
				CLANG_WARN_SUSPICIOUS_MOVE = YES;
				CLANG_WARN_UNGUARDED_AVAILABILITY = YES_AGGRESSIVE;
				CLANG_WARN_UNREACHABLE_CODE = YES;
				CLANG_WARN__DUPLICATE_METHOD_MATCH = YES;
				COPY_PHASE_STRIP = NO;
				DEBUG_INFORMATION_FORMAT = dwarf;
				ENABLE_STRICT_OBJC_MSGSEND = YES;
				ENABLE_TESTABILITY = YES;
				GCC_C_LANGUAGE_STANDARD = gnu11;
				GCC_DYNAMIC_NO_PIC = NO;
				GCC_NO_COMMON_BLOCKS = YES;
				GCC_OPTIMIZATION_LEVEL = 0;
				GCC_PREPROCESSOR_DEFINITIONS = (
					"DEBUG=1",
					"$(inherited)",
				);
				GCC_WARN_64_TO_32_BIT_CONVERSION = YES;
				GCC_WARN_ABOUT_RETURN_TYPE = YES_ERROR;
				GCC_WARN_UNDECLARED_SELECTOR = YES;
				GCC_WARN_UNINITIALIZED_AUTOS = YES_AGGRESSIVE;
				GCC_WARN_UNUSED_FUNCTION = YES;
				GCC_WARN_UNUSED_VARIABLE = YES;
				IPHONEOS_DEPLOYMENT_TARGET = 13.2;
				MTL_ENABLE_DEBUG_INFO = INCLUDE_SOURCE;
				MTL_FAST_MATH = YES;
				ONLY_ACTIVE_ARCH = YES;
				SDKROOT = iphoneos;
				SWIFT_ACTIVE_COMPILATION_CONDITIONS = DEBUG;
				SWIFT_OPTIMIZATION_LEVEL = "-Onone";
			};
			name = Debug;
		};
		5558B9C023E2AF5000DDA0B7 /* Release */ = {
			isa = XCBuildConfiguration;
			buildSettings = {
				ALWAYS_SEARCH_USER_PATHS = NO;
				CLANG_ANALYZER_NONNULL = YES;
				CLANG_ANALYZER_NUMBER_OBJECT_CONVERSION = YES_AGGRESSIVE;
				CLANG_CXX_LANGUAGE_STANDARD = "gnu++14";
				CLANG_CXX_LIBRARY = "libc++";
				CLANG_ENABLE_MODULES = YES;
				CLANG_ENABLE_OBJC_ARC = YES;
				CLANG_ENABLE_OBJC_WEAK = YES;
				CLANG_WARN_BLOCK_CAPTURE_AUTORELEASING = YES;
				CLANG_WARN_BOOL_CONVERSION = YES;
				CLANG_WARN_COMMA = YES;
				CLANG_WARN_CONSTANT_CONVERSION = YES;
				CLANG_WARN_DEPRECATED_OBJC_IMPLEMENTATIONS = YES;
				CLANG_WARN_DIRECT_OBJC_ISA_USAGE = YES_ERROR;
				CLANG_WARN_DOCUMENTATION_COMMENTS = YES;
				CLANG_WARN_EMPTY_BODY = YES;
				CLANG_WARN_ENUM_CONVERSION = YES;
				CLANG_WARN_INFINITE_RECURSION = YES;
				CLANG_WARN_INT_CONVERSION = YES;
				CLANG_WARN_NON_LITERAL_NULL_CONVERSION = YES;
				CLANG_WARN_OBJC_IMPLICIT_RETAIN_SELF = YES;
				CLANG_WARN_OBJC_LITERAL_CONVERSION = YES;
				CLANG_WARN_OBJC_ROOT_CLASS = YES_ERROR;
				CLANG_WARN_RANGE_LOOP_ANALYSIS = YES;
				CLANG_WARN_STRICT_PROTOTYPES = YES;
				CLANG_WARN_SUSPICIOUS_MOVE = YES;
				CLANG_WARN_UNGUARDED_AVAILABILITY = YES_AGGRESSIVE;
				CLANG_WARN_UNREACHABLE_CODE = YES;
				CLANG_WARN__DUPLICATE_METHOD_MATCH = YES;
				COPY_PHASE_STRIP = NO;
				DEBUG_INFORMATION_FORMAT = "dwarf-with-dsym";
				ENABLE_NS_ASSERTIONS = NO;
				ENABLE_STRICT_OBJC_MSGSEND = YES;
				GCC_C_LANGUAGE_STANDARD = gnu11;
				GCC_NO_COMMON_BLOCKS = YES;
				GCC_WARN_64_TO_32_BIT_CONVERSION = YES;
				GCC_WARN_ABOUT_RETURN_TYPE = YES_ERROR;
				GCC_WARN_UNDECLARED_SELECTOR = YES;
				GCC_WARN_UNINITIALIZED_AUTOS = YES_AGGRESSIVE;
				GCC_WARN_UNUSED_FUNCTION = YES;
				GCC_WARN_UNUSED_VARIABLE = YES;
				IPHONEOS_DEPLOYMENT_TARGET = 13.2;
				MTL_ENABLE_DEBUG_INFO = NO;
				MTL_FAST_MATH = YES;
				SDKROOT = iphoneos;
				SWIFT_COMPILATION_MODE = wholemodule;
				SWIFT_OPTIMIZATION_LEVEL = "-O";
				VALIDATE_PRODUCT = YES;
			};
			name = Release;
		};
		5558B9C223E2AF5000DDA0B7 /* Debug */ = {
			isa = XCBuildConfiguration;
			baseConfigurationReference = 352F793A11AC9E4A0DA13F0C /* Pods-TaskManagerExample.debug.xcconfig */;
			buildSettings = {
				ASSETCATALOG_COMPILER_APPICON_NAME = AppIcon;
				CODE_SIGN_STYLE = Automatic;
				DEVELOPMENT_TEAM = MW2UF479VW;
				INFOPLIST_FILE = TaskManagerExample/Resources/Info.plist;
				IPHONEOS_DEPLOYMENT_TARGET = 11.0;
				LD_RUNPATH_SEARCH_PATHS = (
					"$(inherited)",
					"@executable_path/Frameworks",
				);
				PRODUCT_BUNDLE_IDENTIFIER = com.shakuro.TaskManagerExample;
				PRODUCT_NAME = "$(TARGET_NAME)";
				SWIFT_VERSION = 5.0;
				TARGETED_DEVICE_FAMILY = "1,2";
			};
			name = Debug;
		};
		5558B9C323E2AF5000DDA0B7 /* Release */ = {
			isa = XCBuildConfiguration;
			baseConfigurationReference = FB29DFEFC137FC06ECFB52CB /* Pods-TaskManagerExample.release.xcconfig */;
			buildSettings = {
				ASSETCATALOG_COMPILER_APPICON_NAME = AppIcon;
				CODE_SIGN_STYLE = Automatic;
				DEVELOPMENT_TEAM = MW2UF479VW;
				INFOPLIST_FILE = TaskManagerExample/Resources/Info.plist;
				IPHONEOS_DEPLOYMENT_TARGET = 11.0;
				LD_RUNPATH_SEARCH_PATHS = (
					"$(inherited)",
					"@executable_path/Frameworks",
				);
				PRODUCT_BUNDLE_IDENTIFIER = com.shakuro.TaskManagerExample;
				PRODUCT_NAME = "$(TARGET_NAME)";
				SWIFT_VERSION = 5.0;
				TARGETED_DEVICE_FAMILY = "1,2";
			};
			name = Release;
		};
/* End XCBuildConfiguration section */

/* Begin XCConfigurationList section */
		5558B9A823E2AF4C00DDA0B7 /* Build configuration list for PBXProject "TaskManagerExample" */ = {
			isa = XCConfigurationList;
			buildConfigurations = (
				5558B9BF23E2AF5000DDA0B7 /* Debug */,
				5558B9C023E2AF5000DDA0B7 /* Release */,
			);
			defaultConfigurationIsVisible = 0;
			defaultConfigurationName = Release;
		};
		5558B9C123E2AF5000DDA0B7 /* Build configuration list for PBXNativeTarget "TaskManagerExample" */ = {
			isa = XCConfigurationList;
			buildConfigurations = (
				5558B9C223E2AF5000DDA0B7 /* Debug */,
				5558B9C323E2AF5000DDA0B7 /* Release */,
			);
			defaultConfigurationIsVisible = 0;
			defaultConfigurationName = Release;
		};
/* End XCConfigurationList section */
	};
	rootObject = 5558B9A523E2AF4C00DDA0B7 /* Project object */;
}
