// !$*UTF8*$!
{
	archiveVersion = 1;
	classes = {
	};
	objectVersion = 51;
	objects = {

/* Begin PBXBuildFile section */
		A5E91270271697B4004DF71C /* UniqueOperation.swift in Sources */ = {isa = PBXBuildFile; fileRef = A5E91262271697B4004DF71C /* UniqueOperation.swift */; };
		A5E91271271697B4004DF71C /* DependsOnAlwaysFailOperation.swift in Sources */ = {isa = PBXBuildFile; fileRef = A5E91263271697B4004DF71C /* DependsOnAlwaysFailOperation.swift */; };
		A5E91272271697B4004DF71C /* ExampleOperationOptions.swift in Sources */ = {isa = PBXBuildFile; fileRef = A5E91264271697B4004DF71C /* ExampleOperationOptions.swift */; };
		A5E91273271697B4004DF71C /* AlwaysFailInTheEndOperation.swift in Sources */ = {isa = PBXBuildFile; fileRef = A5E91265271697B4004DF71C /* AlwaysFailInTheEndOperation.swift */; };
		A5E91274271697B4004DF71C /* LowPriorityOperation.swift in Sources */ = {isa = PBXBuildFile; fileRef = A5E91266271697B4004DF71C /* LowPriorityOperation.swift */; };
		A5E91275271697B4004DF71C /* HighPriorityOperation.swift in Sources */ = {isa = PBXBuildFile; fileRef = A5E91267271697B4004DF71C /* HighPriorityOperation.swift */; };
		A5E91276271697B4004DF71C /* GetStringsFromRandomOrgOperation.swift in Sources */ = {isa = PBXBuildFile; fileRef = A5E91268271697B4004DF71C /* GetStringsFromRandomOrgOperation.swift */; };
		A5E91277271697B4004DF71C /* GetStringsFromRandomOrgOperationOptions.swift in Sources */ = {isa = PBXBuildFile; fileRef = A5E91269271697B4004DF71C /* GetStringsFromRandomOrgOperationOptions.swift */; };
		A5E91278271697B4004DF71C /* FirstOperation.swift in Sources */ = {isa = PBXBuildFile; fileRef = A5E9126A271697B4004DF71C /* FirstOperation.swift */; };
		A5E91279271697B4004DF71C /* ExampleTaskManager.swift in Sources */ = {isa = PBXBuildFile; fileRef = A5E9126B271697B4004DF71C /* ExampleTaskManager.swift */; };
		A5E9127A271697B4004DF71C /* ExampleTaskManager+Public.swift in Sources */ = {isa = PBXBuildFile; fileRef = A5E9126C271697B4004DF71C /* ExampleTaskManager+Public.swift */; };
		A5E9127B271697B4004DF71C /* RandomOrgAPIEndpoint.swift in Sources */ = {isa = PBXBuildFile; fileRef = A5E9126E271697B4004DF71C /* RandomOrgAPIEndpoint.swift */; };
		A5E9127C271697B4004DF71C /* StringsParser.swift in Sources */ = {isa = PBXBuildFile; fileRef = A5E9126F271697B4004DF71C /* StringsParser.swift */; };
		A5E9127F27169803004DF71C /* ExampleTaskManagerViewController.swift in Sources */ = {isa = PBXBuildFile; fileRef = A5E9127E27169803004DF71C /* ExampleTaskManagerViewController.swift */; };
		A5E9128627169821004DF71C /* LaunchScreen.storyboard in Resources */ = {isa = PBXBuildFile; fileRef = A5E9128127169821004DF71C /* LaunchScreen.storyboard */; };
		A5E9128727169821004DF71C /* Main.storyboard in Resources */ = {isa = PBXBuildFile; fileRef = A5E9128327169821004DF71C /* Main.storyboard */; };
		A5E9128A2716989B004DF71C /* Assets.xcassets in Resources */ = {isa = PBXBuildFile; fileRef = A5E912892716989B004DF71C /* Assets.xcassets */; };
		F06FD484269C33FA008AED7B /* AppDelegate.swift in Sources */ = {isa = PBXBuildFile; fileRef = F06FD483269C33FA008AED7B /* AppDelegate.swift */; };
		F06FD49F269C35A1008AED7B /* TaskManager_Framework.framework in Frameworks */ = {isa = PBXBuildFile; fileRef = F06FD49E269C35A1008AED7B /* TaskManager_Framework.framework */; };
		F06FD4A0269C35A1008AED7B /* TaskManager_Framework.framework in Embed Frameworks */ = {isa = PBXBuildFile; fileRef = F06FD49E269C35A1008AED7B /* TaskManager_Framework.framework */; settings = {ATTRIBUTES = (CodeSignOnCopy, RemoveHeadersOnCopy, ); }; };
/* End PBXBuildFile section */

/* Begin PBXCopyFilesBuildPhase section */
		F06FD4A1269C35A1008AED7B /* Embed Frameworks */ = {
			isa = PBXCopyFilesBuildPhase;
			buildActionMask = 2147483647;
			dstPath = "";
			dstSubfolderSpec = 10;
			files = (
				F06FD4A0269C35A1008AED7B /* TaskManager_Framework.framework in Embed Frameworks */,
			);
			name = "Embed Frameworks";
			runOnlyForDeploymentPostprocessing = 0;
		};
/* End PBXCopyFilesBuildPhase section */

/* Begin PBXFileReference section */
		A5E91262271697B4004DF71C /* UniqueOperation.swift */ = {isa = PBXFileReference; fileEncoding = 4; lastKnownFileType = sourcecode.swift; path = UniqueOperation.swift; sourceTree = "<group>"; };
		A5E91263271697B4004DF71C /* DependsOnAlwaysFailOperation.swift */ = {isa = PBXFileReference; fileEncoding = 4; lastKnownFileType = sourcecode.swift; path = DependsOnAlwaysFailOperation.swift; sourceTree = "<group>"; };
		A5E91264271697B4004DF71C /* ExampleOperationOptions.swift */ = {isa = PBXFileReference; fileEncoding = 4; lastKnownFileType = sourcecode.swift; path = ExampleOperationOptions.swift; sourceTree = "<group>"; };
		A5E91265271697B4004DF71C /* AlwaysFailInTheEndOperation.swift */ = {isa = PBXFileReference; fileEncoding = 4; lastKnownFileType = sourcecode.swift; path = AlwaysFailInTheEndOperation.swift; sourceTree = "<group>"; };
		A5E91266271697B4004DF71C /* LowPriorityOperation.swift */ = {isa = PBXFileReference; fileEncoding = 4; lastKnownFileType = sourcecode.swift; path = LowPriorityOperation.swift; sourceTree = "<group>"; };
		A5E91267271697B4004DF71C /* HighPriorityOperation.swift */ = {isa = PBXFileReference; fileEncoding = 4; lastKnownFileType = sourcecode.swift; path = HighPriorityOperation.swift; sourceTree = "<group>"; };
		A5E91268271697B4004DF71C /* GetStringsFromRandomOrgOperation.swift */ = {isa = PBXFileReference; fileEncoding = 4; lastKnownFileType = sourcecode.swift; path = GetStringsFromRandomOrgOperation.swift; sourceTree = "<group>"; };
		A5E91269271697B4004DF71C /* GetStringsFromRandomOrgOperationOptions.swift */ = {isa = PBXFileReference; fileEncoding = 4; lastKnownFileType = sourcecode.swift; path = GetStringsFromRandomOrgOperationOptions.swift; sourceTree = "<group>"; };
		A5E9126A271697B4004DF71C /* FirstOperation.swift */ = {isa = PBXFileReference; fileEncoding = 4; lastKnownFileType = sourcecode.swift; path = FirstOperation.swift; sourceTree = "<group>"; };
		A5E9126B271697B4004DF71C /* ExampleTaskManager.swift */ = {isa = PBXFileReference; fileEncoding = 4; lastKnownFileType = sourcecode.swift; path = ExampleTaskManager.swift; sourceTree = "<group>"; };
		A5E9126C271697B4004DF71C /* ExampleTaskManager+Public.swift */ = {isa = PBXFileReference; fileEncoding = 4; lastKnownFileType = sourcecode.swift; path = "ExampleTaskManager+Public.swift"; sourceTree = "<group>"; };
		A5E9126E271697B4004DF71C /* RandomOrgAPIEndpoint.swift */ = {isa = PBXFileReference; fileEncoding = 4; lastKnownFileType = sourcecode.swift; path = RandomOrgAPIEndpoint.swift; sourceTree = "<group>"; };
		A5E9126F271697B4004DF71C /* StringsParser.swift */ = {isa = PBXFileReference; fileEncoding = 4; lastKnownFileType = sourcecode.swift; path = StringsParser.swift; sourceTree = "<group>"; };
		A5E9127E27169803004DF71C /* ExampleTaskManagerViewController.swift */ = {isa = PBXFileReference; fileEncoding = 4; lastKnownFileType = sourcecode.swift; path = ExampleTaskManagerViewController.swift; sourceTree = "<group>"; };
		A5E9128227169821004DF71C /* Base */ = {isa = PBXFileReference; lastKnownFileType = file.storyboard; name = Base; path = Base.lproj/LaunchScreen.storyboard; sourceTree = "<group>"; };
		A5E9128427169821004DF71C /* Base */ = {isa = PBXFileReference; lastKnownFileType = file.storyboard; name = Base; path = Base.lproj/Main.storyboard; sourceTree = "<group>"; };
		A5E9128527169821004DF71C /* Info.plist */ = {isa = PBXFileReference; fileEncoding = 4; lastKnownFileType = text.plist.xml; path = Info.plist; sourceTree = "<group>"; };
		A5E912892716989B004DF71C /* Assets.xcassets */ = {isa = PBXFileReference; lastKnownFileType = folder.assetcatalog; path = Assets.xcassets; sourceTree = "<group>"; };
		F06FD480269C33FA008AED7B /* TaskManager_Example.app */ = {isa = PBXFileReference; explicitFileType = wrapper.application; includeInIndex = 0; path = TaskManager_Example.app; sourceTree = BUILT_PRODUCTS_DIR; };
		F06FD483269C33FA008AED7B /* AppDelegate.swift */ = {isa = PBXFileReference; lastKnownFileType = sourcecode.swift; path = AppDelegate.swift; sourceTree = "<group>"; };
		F06FD49E269C35A1008AED7B /* TaskManager_Framework.framework */ = {isa = PBXFileReference; explicitFileType = wrapper.framework; path = TaskManager_Framework.framework; sourceTree = BUILT_PRODUCTS_DIR; };
/* End PBXFileReference section */

/* Begin PBXFrameworksBuildPhase section */
		F06FD47D269C33FA008AED7B /* Frameworks */ = {
			isa = PBXFrameworksBuildPhase;
			buildActionMask = 2147483647;
			files = (
				F06FD49F269C35A1008AED7B /* TaskManager_Framework.framework in Frameworks */,
			);
			runOnlyForDeploymentPostprocessing = 0;
		};
/* End PBXFrameworksBuildPhase section */

/* Begin PBXGroup section */
		939D7E36CDF6B7B12631DD43 /* Pods */ = {
			isa = PBXGroup;
			children = (
			);
			path = Pods;
			sourceTree = "<group>";
		};
		A5E9125C27169765004DF71C /* Application */ = {
			isa = PBXGroup;
			children = (
				A5E9125F271697B4004DF71C /* Core */,
				A5E9127D27169803004DF71C /* UI */,
			);
			name = Application;
			sourceTree = "<group>";
		};
		A5E9125F271697B4004DF71C /* Core */ = {
			isa = PBXGroup;
			children = (
				A5E91260271697B4004DF71C /* TaskManager */,
				A5E9126D271697B4004DF71C /* APIClient */,
			);
			path = Core;
			sourceTree = "<group>";
		};
		A5E91260271697B4004DF71C /* TaskManager */ = {
			isa = PBXGroup;
			children = (
				A5E91261271697B4004DF71C /* Operations */,
				A5E9126B271697B4004DF71C /* ExampleTaskManager.swift */,
				A5E9126C271697B4004DF71C /* ExampleTaskManager+Public.swift */,
			);
			path = TaskManager;
			sourceTree = "<group>";
		};
		A5E91261271697B4004DF71C /* Operations */ = {
			isa = PBXGroup;
			children = (
				A5E91262271697B4004DF71C /* UniqueOperation.swift */,
				A5E91263271697B4004DF71C /* DependsOnAlwaysFailOperation.swift */,
				A5E91264271697B4004DF71C /* ExampleOperationOptions.swift */,
				A5E91265271697B4004DF71C /* AlwaysFailInTheEndOperation.swift */,
				A5E91266271697B4004DF71C /* LowPriorityOperation.swift */,
				A5E91267271697B4004DF71C /* HighPriorityOperation.swift */,
				A5E91268271697B4004DF71C /* GetStringsFromRandomOrgOperation.swift */,
				A5E91269271697B4004DF71C /* GetStringsFromRandomOrgOperationOptions.swift */,
				A5E9126A271697B4004DF71C /* FirstOperation.swift */,
			);
			path = Operations;
			sourceTree = "<group>";
		};
		A5E9126D271697B4004DF71C /* APIClient */ = {
			isa = PBXGroup;
			children = (
				A5E9126E271697B4004DF71C /* RandomOrgAPIEndpoint.swift */,
				A5E9126F271697B4004DF71C /* StringsParser.swift */,
			);
			path = APIClient;
			sourceTree = "<group>";
		};
		A5E9127D27169803004DF71C /* UI */ = {
			isa = PBXGroup;
			children = (
				A5E9127E27169803004DF71C /* ExampleTaskManagerViewController.swift */,
			);
			path = UI;
			sourceTree = "<group>";
		};
		A5E9128027169821004DF71C /* Resources */ = {
			isa = PBXGroup;
			children = (
				A5E912892716989B004DF71C /* Assets.xcassets */,
				A5E9128527169821004DF71C /* Info.plist */,
				A5E9128127169821004DF71C /* LaunchScreen.storyboard */,
				A5E9128327169821004DF71C /* Main.storyboard */,
			);
			path = Resources;
			sourceTree = "<group>";
		};
		D36C4310D01F3E57DB6EA1BF /* Frameworks */ = {
			isa = PBXGroup;
			children = (
				F06FD49E269C35A1008AED7B /* TaskManager_Framework.framework */,
			);
			name = Frameworks;
			sourceTree = "<group>";
		};
		F06FD477269C33FA008AED7B = {
			isa = PBXGroup;
			children = (
				F06FD482269C33FA008AED7B /* TaskManager_Example */,
				F06FD481269C33FA008AED7B /* Products */,
				939D7E36CDF6B7B12631DD43 /* Pods */,
				D36C4310D01F3E57DB6EA1BF /* Frameworks */,
			);
			sourceTree = "<group>";
		};
		F06FD481269C33FA008AED7B /* Products */ = {
			isa = PBXGroup;
			children = (
				F06FD480269C33FA008AED7B /* TaskManager_Example.app */,
			);
			name = Products;
			sourceTree = "<group>";
		};
		F06FD482269C33FA008AED7B /* TaskManager_Example */ = {
			isa = PBXGroup;
			children = (
				F06FD483269C33FA008AED7B /* AppDelegate.swift */,
				A5E9125C27169765004DF71C /* Application */,
				A5E9128027169821004DF71C /* Resources */,
			);
			path = TaskManager_Example;
			sourceTree = "<group>";
		};
/* End PBXGroup section */

/* Begin PBXNativeTarget section */
		F06FD47F269C33FA008AED7B /* TaskManager_Example */ = {
			isa = PBXNativeTarget;
			buildConfigurationList = F06FD494269C33FB008AED7B /* Build configuration list for PBXNativeTarget "TaskManager_Example" */;
			buildPhases = (
				F06FD4A2269C35BC008AED7B /* Swiftlint script */,
				F06FD47C269C33FA008AED7B /* Sources */,
				F06FD47D269C33FA008AED7B /* Frameworks */,
				F06FD47E269C33FA008AED7B /* Resources */,
				F06FD4A1269C35A1008AED7B /* Embed Frameworks */,
			);
			buildRules = (
			);
			dependencies = (
			);
			name = TaskManager_Example;
			productName = TaskManager_Example;
			productReference = F06FD480269C33FA008AED7B /* TaskManager_Example.app */;
			productType = "com.apple.product-type.application";
		};
/* End PBXNativeTarget section */

/* Begin PBXProject section */
		F06FD478269C33FA008AED7B /* Project object */ = {
			isa = PBXProject;
			attributes = {
				LastSwiftUpdateCheck = 1250;
				LastUpgradeCheck = 1310;
				TargetAttributes = {
					F06FD47F269C33FA008AED7B = {
						CreatedOnToolsVersion = 12.5;
					};
				};
			};
			buildConfigurationList = F06FD47B269C33FA008AED7B /* Build configuration list for PBXProject "TaskManager_Example" */;
			compatibilityVersion = "Xcode 9.3";
			developmentRegion = en;
			hasScannedForEncodings = 0;
			knownRegions = (
				en,
				Base,
			);
			mainGroup = F06FD477269C33FA008AED7B;
			productRefGroup = F06FD481269C33FA008AED7B /* Products */;
			projectDirPath = "";
			projectRoot = "";
			targets = (
				F06FD47F269C33FA008AED7B /* TaskManager_Example */,
			);
		};
/* End PBXProject section */

/* Begin PBXResourcesBuildPhase section */
		F06FD47E269C33FA008AED7B /* Resources */ = {
			isa = PBXResourcesBuildPhase;
			buildActionMask = 2147483647;
			files = (
				A5E9128727169821004DF71C /* Main.storyboard in Resources */,
				A5E9128627169821004DF71C /* LaunchScreen.storyboard in Resources */,
				A5E9128A2716989B004DF71C /* Assets.xcassets in Resources */,
			);
			runOnlyForDeploymentPostprocessing = 0;
		};
/* End PBXResourcesBuildPhase section */

/* Begin PBXShellScriptBuildPhase section */
		F06FD4A2269C35BC008AED7B /* Swiftlint script */ = {
			isa = PBXShellScriptBuildPhase;
			buildActionMask = 2147483647;
			files = (
			);
			inputFileListPaths = (
			);
			inputPaths = (
			);
			name = "Swiftlint script";
			outputFileListPaths = (
			);
			outputPaths = (
			);
			runOnlyForDeploymentPostprocessing = 0;
			shellPath = /bin/sh;
			shellScript = "#debug log\nset -x\n\n${PODS_ROOT}/SwiftLint/swiftlint\n";
		};
/* End PBXShellScriptBuildPhase section */

/* Begin PBXSourcesBuildPhase section */
		F06FD47C269C33FA008AED7B /* Sources */ = {
			isa = PBXSourcesBuildPhase;
			buildActionMask = 2147483647;
			files = (
				A5E9127C271697B4004DF71C /* StringsParser.swift in Sources */,
				A5E91270271697B4004DF71C /* UniqueOperation.swift in Sources */,
				A5E91275271697B4004DF71C /* HighPriorityOperation.swift in Sources */,
				F06FD484269C33FA008AED7B /* AppDelegate.swift in Sources */,
				A5E91277271697B4004DF71C /* GetStringsFromRandomOrgOperationOptions.swift in Sources */,
				A5E91271271697B4004DF71C /* DependsOnAlwaysFailOperation.swift in Sources */,
				A5E91278271697B4004DF71C /* FirstOperation.swift in Sources */,
				A5E91272271697B4004DF71C /* ExampleOperationOptions.swift in Sources */,
				A5E91274271697B4004DF71C /* LowPriorityOperation.swift in Sources */,
				A5E9127F27169803004DF71C /* ExampleTaskManagerViewController.swift in Sources */,
				A5E9127B271697B4004DF71C /* RandomOrgAPIEndpoint.swift in Sources */,
				A5E9127A271697B4004DF71C /* ExampleTaskManager+Public.swift in Sources */,
				A5E91279271697B4004DF71C /* ExampleTaskManager.swift in Sources */,
				A5E91273271697B4004DF71C /* AlwaysFailInTheEndOperation.swift in Sources */,
				A5E91276271697B4004DF71C /* GetStringsFromRandomOrgOperation.swift in Sources */,
			);
			runOnlyForDeploymentPostprocessing = 0;
		};
/* End PBXSourcesBuildPhase section */

/* Begin PBXVariantGroup section */
		A5E9128127169821004DF71C /* LaunchScreen.storyboard */ = {
			isa = PBXVariantGroup;
			children = (
				A5E9128227169821004DF71C /* Base */,
			);
			name = LaunchScreen.storyboard;
			sourceTree = "<group>";
		};
		A5E9128327169821004DF71C /* Main.storyboard */ = {
			isa = PBXVariantGroup;
			children = (
				A5E9128427169821004DF71C /* Base */,
			);
			name = Main.storyboard;
			sourceTree = "<group>";
		};
/* End PBXVariantGroup section */

/* Begin XCBuildConfiguration section */
		F06FD492269C33FB008AED7B /* Debug */ = {
			isa = XCBuildConfiguration;
			buildSettings = {
				ALWAYS_SEARCH_USER_PATHS = NO;
				CLANG_ANALYZER_NONNULL = YES;
				CLANG_ANALYZER_NUMBER_OBJECT_CONVERSION = YES_AGGRESSIVE;
				CLANG_CXX_LANGUAGE_STANDARD = "gnu++14";
				CLANG_CXX_LIBRARY = "libc++";
				CLANG_ENABLE_MODULES = YES;
				CLANG_ENABLE_OBJC_ARC = YES;
				CLANG_ENABLE_OBJC_WEAK = YES;
				CLANG_WARN_BLOCK_CAPTURE_AUTORELEASING = YES;
				CLANG_WARN_BOOL_CONVERSION = YES;
				CLANG_WARN_COMMA = YES;
				CLANG_WARN_CONSTANT_CONVERSION = YES;
				CLANG_WARN_DEPRECATED_OBJC_IMPLEMENTATIONS = YES;
				CLANG_WARN_DIRECT_OBJC_ISA_USAGE = YES_ERROR;
				CLANG_WARN_DOCUMENTATION_COMMENTS = YES;
				CLANG_WARN_EMPTY_BODY = YES;
				CLANG_WARN_ENUM_CONVERSION = YES;
				CLANG_WARN_INFINITE_RECURSION = YES;
				CLANG_WARN_INT_CONVERSION = YES;
				CLANG_WARN_NON_LITERAL_NULL_CONVERSION = YES;
				CLANG_WARN_OBJC_IMPLICIT_RETAIN_SELF = YES;
				CLANG_WARN_OBJC_LITERAL_CONVERSION = YES;
				CLANG_WARN_OBJC_ROOT_CLASS = YES_ERROR;
				CLANG_WARN_QUOTED_INCLUDE_IN_FRAMEWORK_HEADER = YES;
				CLANG_WARN_RANGE_LOOP_ANALYSIS = YES;
				CLANG_WARN_STRICT_PROTOTYPES = YES;
				CLANG_WARN_SUSPICIOUS_MOVE = YES;
				CLANG_WARN_UNGUARDED_AVAILABILITY = YES_AGGRESSIVE;
				CLANG_WARN_UNREACHABLE_CODE = YES;
				CLANG_WARN__DUPLICATE_METHOD_MATCH = YES;
				COPY_PHASE_STRIP = NO;
				DEBUG_INFORMATION_FORMAT = dwarf;
				ENABLE_STRICT_OBJC_MSGSEND = YES;
				ENABLE_TESTABILITY = YES;
				GCC_C_LANGUAGE_STANDARD = gnu11;
				GCC_DYNAMIC_NO_PIC = NO;
				GCC_NO_COMMON_BLOCKS = YES;
				GCC_OPTIMIZATION_LEVEL = 0;
				GCC_PREPROCESSOR_DEFINITIONS = (
					"DEBUG=1",
					"$(inherited)",
				);
				GCC_WARN_64_TO_32_BIT_CONVERSION = YES;
				GCC_WARN_ABOUT_RETURN_TYPE = YES_ERROR;
				GCC_WARN_UNDECLARED_SELECTOR = YES;
				GCC_WARN_UNINITIALIZED_AUTOS = YES_AGGRESSIVE;
				GCC_WARN_UNUSED_FUNCTION = YES;
				GCC_WARN_UNUSED_VARIABLE = YES;
				IPHONEOS_DEPLOYMENT_TARGET = 10.0;
				MTL_ENABLE_DEBUG_INFO = INCLUDE_SOURCE;
				MTL_FAST_MATH = YES;
				ONLY_ACTIVE_ARCH = YES;
				SDKROOT = iphoneos;
				SWIFT_ACTIVE_COMPILATION_CONDITIONS = DEBUG;
				SWIFT_OPTIMIZATION_LEVEL = "-Onone";
			};
			name = Debug;
		};
		F06FD493269C33FB008AED7B /* Release */ = {
			isa = XCBuildConfiguration;
			buildSettings = {
				ALWAYS_SEARCH_USER_PATHS = NO;
				CLANG_ANALYZER_NONNULL = YES;
				CLANG_ANALYZER_NUMBER_OBJECT_CONVERSION = YES_AGGRESSIVE;
				CLANG_CXX_LANGUAGE_STANDARD = "gnu++14";
				CLANG_CXX_LIBRARY = "libc++";
				CLANG_ENABLE_MODULES = YES;
				CLANG_ENABLE_OBJC_ARC = YES;
				CLANG_ENABLE_OBJC_WEAK = YES;
				CLANG_WARN_BLOCK_CAPTURE_AUTORELEASING = YES;
				CLANG_WARN_BOOL_CONVERSION = YES;
				CLANG_WARN_COMMA = YES;
				CLANG_WARN_CONSTANT_CONVERSION = YES;
				CLANG_WARN_DEPRECATED_OBJC_IMPLEMENTATIONS = YES;
				CLANG_WARN_DIRECT_OBJC_ISA_USAGE = YES_ERROR;
				CLANG_WARN_DOCUMENTATION_COMMENTS = YES;
				CLANG_WARN_EMPTY_BODY = YES;
				CLANG_WARN_ENUM_CONVERSION = YES;
				CLANG_WARN_INFINITE_RECURSION = YES;
				CLANG_WARN_INT_CONVERSION = YES;
				CLANG_WARN_NON_LITERAL_NULL_CONVERSION = YES;
				CLANG_WARN_OBJC_IMPLICIT_RETAIN_SELF = YES;
				CLANG_WARN_OBJC_LITERAL_CONVERSION = YES;
				CLANG_WARN_OBJC_ROOT_CLASS = YES_ERROR;
				CLANG_WARN_QUOTED_INCLUDE_IN_FRAMEWORK_HEADER = YES;
				CLANG_WARN_RANGE_LOOP_ANALYSIS = YES;
				CLANG_WARN_STRICT_PROTOTYPES = YES;
				CLANG_WARN_SUSPICIOUS_MOVE = YES;
				CLANG_WARN_UNGUARDED_AVAILABILITY = YES_AGGRESSIVE;
				CLANG_WARN_UNREACHABLE_CODE = YES;
				CLANG_WARN__DUPLICATE_METHOD_MATCH = YES;
				COPY_PHASE_STRIP = NO;
				DEBUG_INFORMATION_FORMAT = "dwarf-with-dsym";
				ENABLE_NS_ASSERTIONS = NO;
				ENABLE_STRICT_OBJC_MSGSEND = YES;
				GCC_C_LANGUAGE_STANDARD = gnu11;
				GCC_NO_COMMON_BLOCKS = YES;
				GCC_WARN_64_TO_32_BIT_CONVERSION = YES;
				GCC_WARN_ABOUT_RETURN_TYPE = YES_ERROR;
				GCC_WARN_UNDECLARED_SELECTOR = YES;
				GCC_WARN_UNINITIALIZED_AUTOS = YES_AGGRESSIVE;
				GCC_WARN_UNUSED_FUNCTION = YES;
				GCC_WARN_UNUSED_VARIABLE = YES;
				IPHONEOS_DEPLOYMENT_TARGET = 10.0;
				MTL_ENABLE_DEBUG_INFO = NO;
				MTL_FAST_MATH = YES;
				SDKROOT = iphoneos;
				SWIFT_COMPILATION_MODE = wholemodule;
				SWIFT_OPTIMIZATION_LEVEL = "-O";
				VALIDATE_PRODUCT = YES;
			};
			name = Release;
		};
		F06FD495269C33FB008AED7B /* Debug */ = {
			isa = XCBuildConfiguration;
			buildSettings = {
				ASSETCATALOG_COMPILER_APPICON_NAME = AppIcon;
				ASSETCATALOG_COMPILER_GLOBAL_ACCENT_COLOR_NAME = AccentColor;
				CODE_SIGN_STYLE = Automatic;
				DEVELOPMENT_TEAM = MW2UF479VW;
				INFOPLIST_FILE = TaskManager_Example/Resources/Info.plist;
				IPHONEOS_DEPLOYMENT_TARGET = 11.0;
				LD_RUNPATH_SEARCH_PATHS = (
					"$(inherited)",
					"@executable_path/Frameworks",
				);
				PRODUCT_BUNDLE_IDENTIFIER = "com.shakuro.TaskManager-Example";
				PRODUCT_NAME = "$(TARGET_NAME)";
				SWIFT_VERSION = 5.0;
				TARGETED_DEVICE_FAMILY = "1,2";
			};
			name = Debug;
		};
		F06FD496269C33FB008AED7B /* Release */ = {
			isa = XCBuildConfiguration;
			buildSettings = {
				ASSETCATALOG_COMPILER_APPICON_NAME = AppIcon;
				ASSETCATALOG_COMPILER_GLOBAL_ACCENT_COLOR_NAME = AccentColor;
				CODE_SIGN_STYLE = Automatic;
				DEVELOPMENT_TEAM = MW2UF479VW;
				INFOPLIST_FILE = TaskManager_Example/Resources/Info.plist;
				IPHONEOS_DEPLOYMENT_TARGET = 11.0;
				LD_RUNPATH_SEARCH_PATHS = (
					"$(inherited)",
					"@executable_path/Frameworks",
				);
				PRODUCT_BUNDLE_IDENTIFIER = "com.shakuro.TaskManager-Example";
				PRODUCT_NAME = "$(TARGET_NAME)";
				SWIFT_VERSION = 5.0;
				TARGETED_DEVICE_FAMILY = "1,2";
			};
			name = Release;
		};
/* End XCBuildConfiguration section */

/* Begin XCConfigurationList section */
		F06FD47B269C33FA008AED7B /* Build configuration list for PBXProject "TaskManager_Example" */ = {
			isa = XCConfigurationList;
			buildConfigurations = (
				F06FD492269C33FB008AED7B /* Debug */,
				F06FD493269C33FB008AED7B /* Release */,
			);
			defaultConfigurationIsVisible = 0;
			defaultConfigurationName = Release;
		};
		F06FD494269C33FB008AED7B /* Build configuration list for PBXNativeTarget "TaskManager_Example" */ = {
			isa = XCConfigurationList;
			buildConfigurations = (
				F06FD495269C33FB008AED7B /* Debug */,
				F06FD496269C33FB008AED7B /* Release */,
			);
			defaultConfigurationIsVisible = 0;
			defaultConfigurationName = Release;
		};
/* End XCConfigurationList section */
	};
	rootObject = F06FD478269C33FA008AED7B /* Project object */;
}
