PODS:
  - Alamofire (5.1.0)
  - CommonCryptoModule (1.0.2)
  - Shakuro.CommonTypes (1.0.1)
  - Shakuro.HTTPClient (1.0.1):
    - Alamofire (= 5.1.0)
    - Shakuro.CommonTypes (= 1.0.1)
  - Shakuro.TaskManager (0.0.8):
    - CommonCryptoModule (= 1.0.2)
    - Shakuro.CommonTypes (= 1.0.1)
    - Shakuro.HTTPClient (= 1.0.1)

DEPENDENCIES:
  - Shakuro.TaskManager

SPEC REPOS:
  https://github.com/CocoaPods/Specs.git:
    - Alamofire
    - CommonCryptoModule
    - Shakuro.CommonTypes
    - Shakuro.HTTPClient
    - Shakuro.TaskManager

SPEC CHECKSUMS:
  Alamofire: 9d5c5f602928e512395b30950c5984eca840093c
  CommonCryptoModule: 63a68b57abed79655b3a01011419bf037a05b0a0
  Shakuro.CommonTypes: a3e61c191ede2556b1a61433c72ab1a3181352ec
  Shakuro.HTTPClient: d7263db5b811cfd75ed99a29cfab9dd8157d969d
  Shakuro.TaskManager: c28ecbee03d34bc328fa7d4b280bb25b86539ed4

PODFILE CHECKSUM: a8f88bf83b37dd1bd3cdf9943ee0db31287aa036

COCOAPODS: 1.10.1
